
Microsoft Visual Studio Solution File, Format Version 12.00
# Visual Studio Version 17
VisualStudioVersion = 17.14.37027.9 d17.14
MinimumVisualStudioVersion = 10.0.40219.1
Project("{FAE04EC0-301F-11D3-BF4B-00C04F79EFBC}") = "WebApplication1", "WebApplication1\WebApplication1.csproj", "{EA57E405-9858-46C6-AA34-BD4F9B82F576}"
EndProject
Global
	GlobalSection(SolutionConfigurationPlatforms) = preSolution
		Debug|Any CPU = Debug|Any CPU
		Release|Any CPU = Release|Any CPU
	EndGlobalSection
	GlobalSection(ProjectConfigurationPlatforms) = postSolution
		{EA57E405-9858-46C6-AA34-BD4F9B82F576}.Debug|Any CPU.ActiveCfg = Debug|Any CPU
		{EA57E405-9858-46C6-AA34-BD4F9B82F576}.Debug|Any CPU.Build.0 = Debug|Any CPU
		{EA57E405-9858-46C6-AA34-BD4F9B82F576}.Release|Any CPU.ActiveCfg = Release|Any CPU
		{EA57E405-9858-46C6-AA34-BD4F9B82F576}.Release|Any CPU.Build.0 = Release|Any CPU
	EndGlobalSection
	GlobalSection(SolutionProperties) = preSolution
		HideSolutionNode = FALSE
	EndGlobalSection
	GlobalSection(ExtensibilityGlobals) = postSolution
		SolutionGuid = {DADB48AC-620A-4A46-9B18-BD3C03C44DF5}
	EndGlobalSection
EndGlobal
